
Microsoft Visual Studio Solution File, Format Version 12.00
# Visual Studio Version 17
VisualStudioVersion = 17.11.34909.67
MinimumVisualStudioVersion = 10.0.40219.1
Project("{FAE04EC0-301F-11D3-BF4B-00C04F79EFBC}") = "ADO", "ConnectionString\ADO.csproj", "{4E572675-563C-4397-A16B-F317A9A9A476}"
EndProject
Global
	GlobalSection(SolutionConfigurationPlatforms) = preSolution
		Debug|Any CPU = Debug|Any CPU
		Release|Any CPU = Release|Any CPU
	EndGlobalSection
	GlobalSection(ProjectConfigurationPlatforms) = postSolution
		{4E572675-563C-4397-A16B-F317A9A9A476}.Debug|Any CPU.ActiveCfg = Debug|Any CPU
		{4E572675-563C-4397-A16B-F317A9A9A476}.Debug|Any CPU.Build.0 = Debug|Any CPU
		{4E572675-563C-4397-A16B-F317A9A9A476}.Release|Any CPU.ActiveCfg = Release|Any CPU
		{4E572675-563C-4397-A16B-F317A9A9A476}.Release|Any CPU.Build.0 = Release|Any CPU
	EndGlobalSection
	GlobalSection(SolutionProperties) = preSolution
		HideSolutionNode = FALSE
	EndGlobalSection
	GlobalSection(ExtensibilityGlobals) = postSolution
		SolutionGuid = {428F224C-9F0E-4D47-BEFE-EF285C289E89}
	EndGlobalSection
EndGlobal
